<?xml version="1.0" encoding="utf-8"?>
<Project ToolsVersion="4.0" xmlns="http://schemas.microsoft.com/developer/msbuild/2003">
  <ItemGroup>
    <Filter Include="Source Files">
      <UniqueIdentifier>{ceccde51-e5e3-4d1f-826f-fcd826c888a8}</UniqueIdentifier>
      <Extensions>cpp;c;cxx;rc;def;r;odl;idl;hpj;bat</Extensions>
    </Filter>
    <Filter Include="Header Files">
      <UniqueIdentifier>{99339eb9-f40a-4030-bfcb-acf294f2cccc}</UniqueIdentifier>
      <Extensions>h;hpp;hxx;hm;inl</Extensions>
    </Filter>
    <Filter Include="Resource Files">
      <UniqueIdentifier>{b98a697b-c713-4404-b52f-3898c0042883}</UniqueIdentifier>
      <Extensions>ico;cur;bmp;dlg;rc2;rct;bin;rgs;gif;jpg;jpeg;jpe</Extensions>
    </Filter>
  </ItemGroup>
  <ItemGroup>
    <ClCompile Include="blowfish.c">
      <Filter>Source Files</Filter>
    </ClCompile>
    <ClCompile Include="PwDump6.cpp">
      <Filter>Source Files</Filter>
    </ClCompile>
    <ClCompile Include="ResourceLoader.cpp">
      <Filter>Source Files</Filter>
    </ClCompile>
    <ClCompile Include="XGetopt.c">
      <Filter>Source Files</Filter>
    </ClCompile>
  </ItemGroup>
  <ItemGroup>
    <ClInclude Include="blowfish.h">
      <Filter>Header Files</Filter>
    </ClInclude>
    <ClInclude Include="BlowfishStringConvert.h">
      <Filter>Header Files</Filter>
    </ClInclude>
    <ClInclude Include="resource.h">
      <Filter>Header Files</Filter>
    </ClInclude>
    <ClInclude Include="ResourceLoader.h">
      <Filter>Header Files</Filter>
    </ClInclude>
    <ClInclude Include="XGetopt.h">
      <Filter>Header Files</Filter>
    </ClInclude>
  </ItemGroup>
  <ItemGroup>
    <ResourceCompile Include="pwdump.rc">
      <Filter>Resource Files</Filter>
    </ResourceCompile>
  </ItemGroup>
  <ItemGroup>
    <None Include="LsaExtRelease\lsremora.dll" />
    <None Include="PwDumpRelease\lsremora.dll" />
    <None Include="LsaExtRelease\lsremora64.dll" />
    <None Include="LsaExtDebug\lsremora64.dll" />
    <None Include="PwserviceRelease\servpw.exe" />
    <None Include="PwDumpRelease\servpw.exe" />
    <None Include="PwserviceRelease\servpw64.exe" />
  </ItemGroup>
</Project>